
Microsoft Visual Studio Solution File, Format Version 12.00
# Visual Studio Version 17
VisualStudioVersion = 17.5.33502.453
MinimumVisualStudioVersion = 10.0.40219.1
Project("{FAE04EC0-301F-11D3-BF4B-00C04F79EFBC}") = "ProjectFlooring", "ProjectFlooring.csproj", "{EB424B23-C02C-452E-A6E2-28AA1577720C}"
EndProject
Global
	GlobalSection(SolutionConfigurationPlatforms) = preSolution
		Debug|Any CPU = Debug|Any CPU
		Release|Any CPU = Release|Any CPU
	EndGlobalSection
	GlobalSection(ProjectConfigurationPlatforms) = postSolution
		{EB424B23-C02C-452E-A6E2-28AA1577720C}.Debug|Any CPU.ActiveCfg = Debug|Any CPU
		{EB424B23-C02C-452E-A6E2-28AA1577720C}.Debug|Any CPU.Build.0 = Debug|Any CPU
		{EB424B23-C02C-452E-A6E2-28AA1577720C}.Release|Any CPU.ActiveCfg = Release|Any CPU
		{EB424B23-C02C-452E-A6E2-28AA1577720C}.Release|Any CPU.Build.0 = Release|Any CPU
	EndGlobalSection
	GlobalSection(SolutionProperties) = preSolution
		HideSolutionNode = FALSE
	EndGlobalSection
	GlobalSection(ExtensibilityGlobals) = postSolution
		SolutionGuid = {DC55F449-6FAB-48B0-B55B-16F06411BFFE}
	EndGlobalSection
EndGlobal
